github.com/lliryc/memego v0.0.0-20210822191047-2efc078a39dd/go.mod h1:nwdR6/3ImUsnKZnbfCXiKKv9aiGhBSWjFKqWuD0FFyE=
github.com/lliryc/memego v0.0.0-20210823212143-2209ea17806e h1:oExUzZ5QeBZ+euvBY2SpR/UugiepHqN2Ro+hzu4c81c=
github.com/lliryc/memego v0.0.0-20210823212143-2209ea17806e/go.mod h1:mv8sGDeNAz2osOcZEjsIawANFdsuS9goHlq8H0k3Sdo=
